
Microsoft Visual Studio Solution File, Format Version 12.00
# Visual Studio Version 17
VisualStudioVersion = 17.1.32421.90
MinimumVisualStudioVersion = 10.0.40219.1
Project("{9A19103F-16F7-4668-BE54-9A1E7A4F7556}") = "ReferenceIncsharp", "ReferenceIncsharp\ReferenceIncsharp.csproj", "{7B4B9236-F88C-4787-8BF8-5521172AB49B}"
EndProject
Project("{FAE04EC0-301F-11D3-BF4B-00C04F79EFBC}") = "PRN_SE151446_OOP", "PRN_SE151446_OOP\PRN_SE151446_OOP.csproj", "{615AA191-78B1-4D64-9281-C53373777246}"
EndProject
Global
	GlobalSection(SolutionConfigurationPlatforms) = preSolution
		Debug|Any CPU = Debug|Any CPU
		Release|Any CPU = Release|Any CPU
	EndGlobalSection
	GlobalSection(ProjectConfigurationPlatforms) = postSolution
		{7B4B9236-F88C-4787-8BF8-5521172AB49B}.Debug|Any CPU.ActiveCfg = Debug|Any CPU
		{7B4B9236-F88C-4787-8BF8-5521172AB49B}.Debug|Any CPU.Build.0 = Debug|Any CPU
		{7B4B9236-F88C-4787-8BF8-5521172AB49B}.Release|Any CPU.ActiveCfg = Release|Any CPU
		{7B4B9236-F88C-4787-8BF8-5521172AB49B}.Release|Any CPU.Build.0 = Release|Any CPU
		{615AA191-78B1-4D64-9281-C53373777246}.Debug|Any CPU.ActiveCfg = Debug|Any CPU
		{615AA191-78B1-4D64-9281-C53373777246}.Debug|Any CPU.Build.0 = Debug|Any CPU
		{615AA191-78B1-4D64-9281-C53373777246}.Release|Any CPU.ActiveCfg = Release|Any CPU
		{615AA191-78B1-4D64-9281-C53373777246}.Release|Any CPU.Build.0 = Release|Any CPU
	EndGlobalSection
	GlobalSection(SolutionProperties) = preSolution
		HideSolutionNode = FALSE
	EndGlobalSection
	GlobalSection(ExtensibilityGlobals) = postSolution
		SolutionGuid = {300394FB-113D-4E97-8412-CBBD9FD55D6F}
	EndGlobalSection
EndGlobal
